
Microsoft Visual Studio Solution File, Format Version 12.00
# Visual Studio Version 16
VisualStudioVersion = 16.0.31229.75
MinimumVisualStudioVersion = 10.0.40219.1
Project("{9A19103F-16F7-4668-BE54-9A1E7A4F7556}") = "DataAnalysis.StartBackgroundService", "src\DataAnalysis.StartBackgroundService\DataAnalysis.StartBackgroundService.csproj", "{EAE20170-9BD5-4BDC-88DA-ECF77D1C8CD0}"
EndProject
Project("{FAE04EC0-301F-11D3-BF4B-00C04F79EFBC}") = "DataAnalysis.Aplication", "src\DataAnalysis.Aplication\DataAnalysis.Aplication.csproj", "{CE5E60B8-0BF2-474D-BDEA-30DD08EE186B}"
EndProject
Project("{FAE04EC0-301F-11D3-BF4B-00C04F79EFBC}") = "DataAnalysis.Domain", "src\DataAnalysis.Domain\DataAnalysis.Domain.csproj", "{50A8870C-76FE-4947-A539-88D4D5D7D715}"
EndProject
Global
	GlobalSection(SolutionConfigurationPlatforms) = preSolution
		Debug|Any CPU = Debug|Any CPU
		Release|Any CPU = Release|Any CPU
	EndGlobalSection
	GlobalSection(ProjectConfigurationPlatforms) = postSolution
		{EAE20170-9BD5-4BDC-88DA-ECF77D1C8CD0}.Debug|Any CPU.ActiveCfg = Debug|Any CPU
		{EAE20170-9BD5-4BDC-88DA-ECF77D1C8CD0}.Debug|Any CPU.Build.0 = Debug|Any CPU
		{EAE20170-9BD5-4BDC-88DA-ECF77D1C8CD0}.Release|Any CPU.ActiveCfg = Release|Any CPU
		{EAE20170-9BD5-4BDC-88DA-ECF77D1C8CD0}.Release|Any CPU.Build.0 = Release|Any CPU
		{CE5E60B8-0BF2-474D-BDEA-30DD08EE186B}.Debug|Any CPU.ActiveCfg = Debug|Any CPU
		{CE5E60B8-0BF2-474D-BDEA-30DD08EE186B}.Debug|Any CPU.Build.0 = Debug|Any CPU
		{CE5E60B8-0BF2-474D-BDEA-30DD08EE186B}.Release|Any CPU.ActiveCfg = Release|Any CPU
		{CE5E60B8-0BF2-474D-BDEA-30DD08EE186B}.Release|Any CPU.Build.0 = Release|Any CPU
		{50A8870C-76FE-4947-A539-88D4D5D7D715}.Debug|Any CPU.ActiveCfg = Debug|Any CPU
		{50A8870C-76FE-4947-A539-88D4D5D7D715}.Debug|Any CPU.Build.0 = Debug|Any CPU
		{50A8870C-76FE-4947-A539-88D4D5D7D715}.Release|Any CPU.ActiveCfg = Release|Any CPU
		{50A8870C-76FE-4947-A539-88D4D5D7D715}.Release|Any CPU.Build.0 = Release|Any CPU
	EndGlobalSection
	GlobalSection(SolutionProperties) = preSolution
		HideSolutionNode = FALSE
	EndGlobalSection
	GlobalSection(ExtensibilityGlobals) = postSolution
		SolutionGuid = {FD8BF4B5-C5B2-44CA-8BE7-03793ED3C766}
	EndGlobalSection
EndGlobal
